<?xml version="1.0" encoding="UTF-8" standalone="yes" ?>
<CodeBlocks_project_file>
	<FileVersion major="1" minor="6" />
	<Project>
		<Option title="dbo" />
		<Option pch_mode="2" />
		<Option compiler="gcc" />
		<Build>
			<Target title="Debug">
				<Option output="bin/Debug/dbo" prefix_auto="1" extension_auto="1" />
				<Option object_output="obj/Debug/" />
				<Option type="1" />
				<Option compiler="gcc" />
				<Compiler>
					<Add option="-g" />
				</Compiler>
			</Target>
			<Target title="Release">
				<Option output="bin/Release/dbo" prefix_auto="1" extension_auto="1" />
				<Option object_output="obj/Release/" />
				<Option type="1" />
				<Option compiler="gcc" />
				<Compiler>
					<Add option="-O2" />
				</Compiler>
				<Linker>
					<Add option="-s" />
				</Linker>
			</Target>
		</Build>
		<Compiler>
			<Add option="-Wall" />
			<Add option="-fexceptions" />
			<Add directory="include/" />
			<Add directory="include/tools" />
			<Add directory="include/user" />
			<Add directory="include/organization" />
			<Add directory="include/alert" />
			<Add directory="include/media" />
			<Add directory="include/pack" />
			<Add directory="include/widget" />
			<Add directory="include/unit" />
			<Add directory="include/information" />
			<Add directory="include/probe" />
			<Add directory="include/asset" />
			<Add directory="include/addon" />
			<Add directory="include/plugin" />
		</Compiler>
		<Unit filename="include/addon/Addon.h" />
		<Unit filename="include/alert/Alert.h" />
		<Unit filename="include/alert/AlertCriteria.h" />
		<Unit filename="include/alert/AlertHisto.h" />
		<Unit filename="include/alert/AlertParam.h" />
		<Unit filename="include/alert/AlertType.h" />
		<Unit filename="include/alert/AlertValue.h" />
		<Unit filename="include/asset/Asset.h" />
		<Unit filename="include/information/HistoricalValue.h" />
		<Unit filename="include/information/Information.h" />
		<Unit filename="include/information/Value.h" />
		<Unit filename="include/media/Media.h" />
		<Unit filename="include/organization/Organization.h" />
		<Unit filename="include/organization/OrganizationType.h" />
		<Unit filename="include/organization/OrganizationValue.h" />
		<Unit filename="include/pack/Option.h" />
		<Unit filename="include/pack/Pack.h" />
		<Unit filename="include/plugin/Plugin.h" />
		<Unit filename="include/probe/Probe.h" />
		<Unit filename="include/tools/Constants.h" />
		<Unit filename="include/tools/PostgresConnector.h" />
		<Unit filename="include/tools/Table.h" />
		<Unit filename="include/unit/Unit.h" />
		<Unit filename="include/unit/UnitType.h" />
		<Unit filename="include/user/Action.h" />
		<Unit filename="include/user/Hierarchy.h" />
		<Unit filename="include/user/HistoricalAction.h" />
		<Unit filename="include/user/User.h" />
		<Unit filename="include/user/UserField.h" />
		<Unit filename="include/user/UserProfile.h" />
		<Unit filename="include/user/UserRole.h" />
		<Unit filename="include/user/UserValue.h" />
		<Unit filename="include/widget/Tab.h" />
		<Unit filename="include/widget/TabVersion.h" />
		<Unit filename="include/widget/Widget.h" />
		<Unit filename="include/widget/WidgetType.h" />
		<Unit filename="include/widget/WidgetValue.h" />
		<Unit filename="main.cpp" />
		<Unit filename="src/addon/Addon.cpp" />
		<Unit filename="src/alert/Alert.cpp" />
		<Unit filename="src/alert/AlertCriteria.cpp" />
		<Unit filename="src/alert/AlertHisto.cpp" />
		<Unit filename="src/alert/AlertParam.cpp" />
		<Unit filename="src/alert/AlertType.cpp" />
		<Unit filename="src/alert/AlertValue.cpp" />
		<Unit filename="src/asset/Asset.cpp" />
		<Unit filename="src/information/HistoricalValue.cpp" />
		<Unit filename="src/information/Information.cpp" />
		<Unit filename="src/information/Value.cpp" />
		<Unit filename="src/media/Media.cpp" />
		<Unit filename="src/organization/Organization.cpp" />
		<Unit filename="src/organization/OrganizationType.cpp" />
		<Unit filename="src/organization/OrganizationValue.cpp" />
		<Unit filename="src/pack/Option.cpp" />
		<Unit filename="src/pack/Pack.cpp" />
		<Unit filename="src/plugin/Plugin.cpp" />
		<Unit filename="src/probe/Probe.cpp" />
		<Unit filename="src/tools/Constants.cpp" />
		<Unit filename="src/tools/PostgresConnector.cpp" />
		<Unit filename="src/tools/Table.cpp" />
		<Unit filename="src/unit/Unit.cpp" />
		<Unit filename="src/unit/UnitType.cpp" />
		<Unit filename="src/user/Action.cpp" />
		<Unit filename="src/user/Hierarchy.cpp" />
		<Unit filename="src/user/HistoricalAction.cpp" />
		<Unit filename="src/user/User.cpp" />
		<Unit filename="src/user/UserField.cpp" />
		<Unit filename="src/user/UserProfile.cpp" />
		<Unit filename="src/user/UserRole.cpp" />
		<Unit filename="src/user/UserValue.cpp" />
		<Unit filename="src/widget/Tab.cpp" />
		<Unit filename="src/widget/TabVersion.cpp" />
		<Unit filename="src/widget/Widget.cpp" />
		<Unit filename="src/widget/WidgetType.cpp" />
		<Unit filename="src/widget/WidgetValue.cpp" />
		<Extensions>
			<code_completion />
			<envvars />
			<lib_finder disable_auto="1" />
			<debugger />
		</Extensions>
	</Project>
</CodeBlocks_project_file>
